
Microsoft Visual Studio Solution File, Format Version 12.00
# Visual Studio 15
VisualStudioVersion = 15.0.26730.12
MinimumVisualStudioVersion = 10.0.40219.1
Project("{9A19103F-16F7-4668-BE54-9A1E7A4F7556}") = "Core", "Core\Core.csproj", "{A7EF20B2-148C-4D41-8B8B-0D43C7C801F4}"
EndProject
Project("{FAE04EC0-301F-11D3-BF4B-00C04F79EFBC}") = "WebUI", "WebUI\WebUI.csproj", "{0A214D32-1823-45B0-94EA-73B33806A68A}"
EndProject
Global
	GlobalSection(SolutionConfigurationPlatforms) = preSolution
		Debug|Any CPU = Debug|Any CPU
		Release|Any CPU = Release|Any CPU
	EndGlobalSection
	GlobalSection(ProjectConfigurationPlatforms) = postSolution
		{A7EF20B2-148C-4D41-8B8B-0D43C7C801F4}.Debug|Any CPU.ActiveCfg = Debug|Any CPU
		{A7EF20B2-148C-4D41-8B8B-0D43C7C801F4}.Debug|Any CPU.Build.0 = Debug|Any CPU
		{A7EF20B2-148C-4D41-8B8B-0D43C7C801F4}.Release|Any CPU.ActiveCfg = Release|Any CPU
		{A7EF20B2-148C-4D41-8B8B-0D43C7C801F4}.Release|Any CPU.Build.0 = Release|Any CPU
		{0A214D32-1823-45B0-94EA-73B33806A68A}.Debug|Any CPU.ActiveCfg = Debug|Any CPU
		{0A214D32-1823-45B0-94EA-73B33806A68A}.Debug|Any CPU.Build.0 = Debug|Any CPU
		{0A214D32-1823-45B0-94EA-73B33806A68A}.Release|Any CPU.ActiveCfg = Release|Any CPU
		{0A214D32-1823-45B0-94EA-73B33806A68A}.Release|Any CPU.Build.0 = Release|Any CPU
	EndGlobalSection
	GlobalSection(SolutionProperties) = preSolution
		HideSolutionNode = FALSE
	EndGlobalSection
	GlobalSection(ExtensibilityGlobals) = postSolution
		SolutionGuid = {613BBBD0-7E37-4EC1-9CF4-F952F8FEFB3D}
	EndGlobalSection
EndGlobal
